<?xml version="1.0" encoding="utf-8"?>
<Project ToolsVersion="4.0" xmlns="http://schemas.microsoft.com/developer/msbuild/2003">
  <ItemGroup>
    <Filter Include="Исходные файлы">
      <UniqueIdentifier>{4FC737F1-C7A5-4376-A066-2A32D752A2FF}</UniqueIdentifier>
      <Extensions>cpp;c;cc;cxx;c++;cppm;ixx;def;odl;idl;hpj;bat;asm;asmx</Extensions>
    </Filter>
    <Filter Include="Файлы заголовков">
      <UniqueIdentifier>{93995380-89BD-4b04-88EB-625FBE52EBFB}</UniqueIdentifier>
      <Extensions>h;hh;hpp;hxx;h++;hm;inl;inc;ipp;xsd</Extensions>
    </Filter>
    <Filter Include="Файлы ресурсов">
      <UniqueIdentifier>{67DA6AB6-F800-4c08-8B7A-83BB121AAD01}</UniqueIdentifier>
      <Extensions>rc;ico;cur;bmp;dlg;rc2;rct;bin;rgs;gif;jpg;jpeg;jpe;resx;tiff;tif;png;wav;mfcribbon-ms</Extensions>
    </Filter>
    <Filter Include="Исходные файлы\external">
      <UniqueIdentifier>{0d0c08ee-40ec-4278-9be8-f9e56567f9f8}</UniqueIdentifier>
    </Filter>
  </ItemGroup>
  <ItemGroup>
    <ClCompile Include="Blackjack_game.cpp">
      <Filter>Исходные файлы</Filter>
    </ClCompile>
    <ClCompile Include="func\custom_operators.cpp">
      <Filter>Исходные файлы\external</Filter>
    </ClCompile>
    <ClCompile Include="func\BJ_Classes_Functions.cpp">
      <Filter>Исходные файлы\external</Filter>
    </ClCompile>
    <ClCompile Include="func\BJ_Extra_Functions.cpp">
      <Filter>Исходные файлы</Filter>
    </ClCompile>
  </ItemGroup>
  <ItemGroup>
    <ClInclude Include="pch.hpp">
      <Filter>Исходные файлы</Filter>
    </ClInclude>
    <ClInclude Include="func\custom_operators.h">
      <Filter>Исходные файлы\external</Filter>
    </ClInclude>
    <ClInclude Include="func\BJ_Classes_Functions.h">
      <Filter>Исходные файлы\external</Filter>
    </ClInclude>
    <ClInclude Include="func\BJ_Extra_Functions.hpp">
      <Filter>Исходные файлы</Filter>
    </ClInclude>
  </ItemGroup>
</Project>